version = 1
revision = 2
requires-python = ">=3.9"

[[package]]
name = "clite"
version = "0.2.2"
source = { directory = "../" }
dependencies = [
    { name = "typing-extensions" },
]

[package.metadata]
requires-dist = [{ name = "typing-extensions", specifier = ">=4.12.2" }]

[package.metadata.requires-dev]
dev = [
    { name = "black", specifier = ">=25.1.0" },
    { name = "git-cliff", specifier = ">=2.8.0" },
    { name = "ipython", specifier = ">=8.18.1" },
    { name = "isort", specifier = ">=5.13.2" },
    { name = "mypy", specifier = ">=1.14.1" },
    { name = "ruff", specifier = ">=0.9.0" },
]
docs = [
    { name = "griffe-typingdoc", specifier = ">=0.2.8" },
    { name = "mkdocs-material", specifier = ">=9.6.9" },
    { name = "mkdocstrings-python", specifier = ">=1.16.5" },
]
tests = [
    { name = "nox", specifier = ">=2025.5.1" },
    { name = "pytest", specifier = ">=8.3.4" },
]

[[package]]
name = "playground"
version = "0.1.0"
source = { editable = "." }
dependencies = [
    { name = "clite" },
]

[package.metadata]
requires-dist = [{ name = "clite", directory = "../" }]

[[package]]
name = "typing-extensions"
version = "4.14.1"
source = { registry = "https://pypi.org/simple" }
sdist = { url = "https://files.pythonhosted.org/packages/98/5a/da40306b885cc8c09109dc2e1abd358d5684b1425678151cdaed4731c822/typing_extensions-4.14.1.tar.gz", hash = "sha256:38b39f4aeeab64884ce9f74c94263ef78f3c22467c8724005483154c26648d36", size = 107673, upload-time = "2025-07-04T13:28:34.16Z" }
wheels = [
    { url = "https://files.pythonhosted.org/packages/b5/00/d631e67a838026495268c2f6884f3711a15a9a2a96cd244fdaea53b823fb/typing_extensions-4.14.1-py3-none-any.whl", hash = "sha256:d1e1e3b58374dc93031d6eda2420a48ea44a36c2b4766a4fdeb3710755731d76", size = 43906, upload-time = "2025-07-04T13:28:32.743Z" },
]
